// !$*UTF8*$!
{
	archiveVersion = 1;
	classes = {
	};
	objectVersion = 46;
	objects = {

/* Begin PBXBuildFile section */
		60B0D0E517380C14000DA458 /* Cocoa.framework in Frameworks */ = {isa = PBXBuildFile; fileRef = 60B0D0E417380C14000DA458 /* Cocoa.framework */; };
		60B0D0E717380C14000DA458 /* ScreenSaver.framework in Frameworks */ = {isa = PBXBuildFile; fileRef = 60B0D0E617380C14000DA458 /* ScreenSaver.framework */; };
		60B0D0F117380C14000DA458 /* InfoPlist.strings in Resources */ = {isa = PBXBuildFile; fileRef = 60B0D0EF17380C14000DA458 /* InfoPlist.strings */; };
		60B0D0F517380C14000DA458 /* GamesScreensaverView.m in Sources */ = {isa = PBXBuildFile; fileRef = 60B0D0F417380C14000DA458 /* GamesScreensaverView.m */; };
		60B0D0FD17380CE1000DA458 /* HCYoutubeParser.h in Headers */ = {isa = PBXBuildFile; fileRef = 60B0D0FB17380CE1000DA458 /* HCYoutubeParser.h */; };
		60B0D0FE17380CE1000DA458 /* HCYoutubeParser.m in Sources */ = {isa = PBXBuildFile; fileRef = 60B0D0FC17380CE1000DA458 /* HCYoutubeParser.m */; };
		60B0D1001738D0A1000DA458 /* QTKit.framework in Frameworks */ = {isa = PBXBuildFile; fileRef = 60B0D0FF1738D0A1000DA458 /* QTKit.framework */; };
		60E26D7D173E2F7900DF7CED /* Cocoa.framework in Frameworks */ = {isa = PBXBuildFile; fileRef = 60B0D0E417380C14000DA458 /* Cocoa.framework */; };
		60E26D83173E2F7900DF7CED /* InfoPlist.strings in Resources */ = {isa = PBXBuildFile; fileRef = 60E26D81173E2F7900DF7CED /* InfoPlist.strings */; };
		60E26D85173E2F7900DF7CED /* main.m in Sources */ = {isa = PBXBuildFile; fileRef = 60E26D84173E2F7900DF7CED /* main.m */; };
		60E26D89173E2F7900DF7CED /* Credits.rtf in Resources */ = {isa = PBXBuildFile; fileRef = 60E26D87173E2F7900DF7CED /* Credits.rtf */; };
		60E26D8C173E2F7900DF7CED /* AppDelegate.m in Sources */ = {isa = PBXBuildFile; fileRef = 60E26D8B173E2F7900DF7CED /* AppDelegate.m */; };
		60E26D8F173E2F7900DF7CED /* MainMenu.xib in Resources */ = {isa = PBXBuildFile; fileRef = 60E26D8D173E2F7900DF7CED /* MainMenu.xib */; };
		60E26D93173E318C00DF7CED /* GamesScreensaverView.m in Sources */ = {isa = PBXBuildFile; fileRef = 60B0D0F417380C14000DA458 /* GamesScreensaverView.m */; };
		60E26D94173E318F00DF7CED /* HCYoutubeParser.m in Sources */ = {isa = PBXBuildFile; fileRef = 60B0D0FC17380CE1000DA458 /* HCYoutubeParser.m */; };
		60E26D95173E31A000DF7CED /* QTKit.framework in Frameworks */ = {isa = PBXBuildFile; fileRef = 60B0D0FF1738D0A1000DA458 /* QTKit.framework */; };
		60E26D96173E31A600DF7CED /* ScreenSaver.framework in Frameworks */ = {isa = PBXBuildFile; fileRef = 60B0D0E617380C14000DA458 /* ScreenSaver.framework */; };
/* End PBXBuildFile section */

/* Begin PBXFileReference section */
		60B0D0E117380C14000DA458 /* GamesScreensaver.saver */ = {isa = PBXFileReference; explicitFileType = wrapper.cfbundle; includeInIndex = 0; path = GamesScreensaver.saver; sourceTree = BUILT_PRODUCTS_DIR; };
		60B0D0E417380C14000DA458 /* Cocoa.framework */ = {isa = PBXFileReference; lastKnownFileType = wrapper.framework; name = Cocoa.framework; path = System/Library/Frameworks/Cocoa.framework; sourceTree = SDKROOT; };
		60B0D0E617380C14000DA458 /* ScreenSaver.framework */ = {isa = PBXFileReference; lastKnownFileType = wrapper.framework; name = ScreenSaver.framework; path = System/Library/Frameworks/ScreenSaver.framework; sourceTree = SDKROOT; };
		60B0D0E917380C14000DA458 /* AppKit.framework */ = {isa = PBXFileReference; lastKnownFileType = wrapper.framework; name = AppKit.framework; path = System/Library/Frameworks/AppKit.framework; sourceTree = SDKROOT; };
		60B0D0EA17380C14000DA458 /* CoreData.framework */ = {isa = PBXFileReference; lastKnownFileType = wrapper.framework; name = CoreData.framework; path = System/Library/Frameworks/CoreData.framework; sourceTree = SDKROOT; };
		60B0D0EB17380C14000DA458 /* Foundation.framework */ = {isa = PBXFileReference; lastKnownFileType = wrapper.framework; name = Foundation.framework; path = System/Library/Frameworks/Foundation.framework; sourceTree = SDKROOT; };
		60B0D0EE17380C14000DA458 /* GamesScreensaver-Info.plist */ = {isa = PBXFileReference; lastKnownFileType = text.plist.xml; path = "GamesScreensaver-Info.plist"; sourceTree = "<group>"; };
		60B0D0F017380C14000DA458 /* en */ = {isa = PBXFileReference; lastKnownFileType = text.plist.strings; name = en; path = en.lproj/InfoPlist.strings; sourceTree = "<group>"; };
		60B0D0F217380C14000DA458 /* GamesScreensaver-Prefix.pch */ = {isa = PBXFileReference; lastKnownFileType = sourcecode.c.h; path = "GamesScreensaver-Prefix.pch"; sourceTree = "<group>"; };
		60B0D0F317380C14000DA458 /* GamesScreensaverView.h */ = {isa = PBXFileReference; lastKnownFileType = sourcecode.c.h; path = GamesScreensaverView.h; sourceTree = "<group>"; };
		60B0D0F417380C14000DA458 /* GamesScreensaverView.m */ = {isa = PBXFileReference; lastKnownFileType = sourcecode.c.objc; path = GamesScreensaverView.m; sourceTree = "<group>"; };
		60B0D0FB17380CE1000DA458 /* HCYoutubeParser.h */ = {isa = PBXFileReference; fileEncoding = 4; lastKnownFileType = sourcecode.c.h; path = HCYoutubeParser.h; sourceTree = "<group>"; };
		60B0D0FC17380CE1000DA458 /* HCYoutubeParser.m */ = {isa = PBXFileReference; fileEncoding = 4; lastKnownFileType = sourcecode.c.objc; path = HCYoutubeParser.m; sourceTree = "<group>"; };
		60B0D0FF1738D0A1000DA458 /* QTKit.framework */ = {isa = PBXFileReference; lastKnownFileType = wrapper.framework; name = QTKit.framework; path = System/Library/Frameworks/QTKit.framework; sourceTree = SDKROOT; };
		60E26D7C173E2F7900DF7CED /* ScreensaverBootstrap.app */ = {isa = PBXFileReference; explicitFileType = wrapper.application; includeInIndex = 0; path = ScreensaverBootstrap.app; sourceTree = BUILT_PRODUCTS_DIR; };
		60E26D80173E2F7900DF7CED /* ScreensaverBootstrap-Info.plist */ = {isa = PBXFileReference; lastKnownFileType = text.plist.xml; path = "ScreensaverBootstrap-Info.plist"; sourceTree = "<group>"; };
		60E26D82173E2F7900DF7CED /* en */ = {isa = PBXFileReference; lastKnownFileType = text.plist.strings; name = en; path = en.lproj/InfoPlist.strings; sourceTree = "<group>"; };
		60E26D84173E2F7900DF7CED /* main.m */ = {isa = PBXFileReference; lastKnownFileType = sourcecode.c.objc; path = main.m; sourceTree = "<group>"; };
		60E26D86173E2F7900DF7CED /* ScreensaverBootstrap-Prefix.pch */ = {isa = PBXFileReference; lastKnownFileType = sourcecode.c.h; path = "ScreensaverBootstrap-Prefix.pch"; sourceTree = "<group>"; };
		60E26D88173E2F7900DF7CED /* en */ = {isa = PBXFileReference; lastKnownFileType = text.rtf; name = en; path = en.lproj/Credits.rtf; sourceTree = "<group>"; };
		60E26D8A173E2F7900DF7CED /* AppDelegate.h */ = {isa = PBXFileReference; lastKnownFileType = sourcecode.c.h; path = AppDelegate.h; sourceTree = "<group>"; };
		60E26D8B173E2F7900DF7CED /* AppDelegate.m */ = {isa = PBXFileReference; lastKnownFileType = sourcecode.c.objc; path = AppDelegate.m; sourceTree = "<group>"; };
		60E26D8E173E2F7900DF7CED /* en */ = {isa = PBXFileReference; lastKnownFileType = file.xib; name = en; path = en.lproj/MainMenu.xib; sourceTree = "<group>"; };
/* End PBXFileReference section */

/* Begin PBXFrameworksBuildPhase section */
		60B0D0DC17380C14000DA458 /* Frameworks */ = {
			isa = PBXFrameworksBuildPhase;
			buildActionMask = 2147483647;
			files = (
				60B0D1001738D0A1000DA458 /* QTKit.framework in Frameworks */,
				60B0D0E517380C14000DA458 /* Cocoa.framework in Frameworks */,
				60B0D0E717380C14000DA458 /* ScreenSaver.framework in Frameworks */,
			);
			runOnlyForDeploymentPostprocessing = 0;
		};
		60E26D79173E2F7900DF7CED /* Frameworks */ = {
			isa = PBXFrameworksBuildPhase;
			buildActionMask = 2147483647;
			files = (
				60E26D96173E31A600DF7CED /* ScreenSaver.framework in Frameworks */,
				60E26D95173E31A000DF7CED /* QTKit.framework in Frameworks */,
				60E26D7D173E2F7900DF7CED /* Cocoa.framework in Frameworks */,
			);
			runOnlyForDeploymentPostprocessing = 0;
		};
/* End PBXFrameworksBuildPhase section */

/* Begin PBXGroup section */
		60B0D0D617380C14000DA458 = {
			isa = PBXGroup;
			children = (
				60B0D0EC17380C14000DA458 /* GamesScreensaver */,
				60E26D7E173E2F7900DF7CED /* ScreensaverBootstrap */,
				60B0D0E317380C14000DA458 /* Frameworks */,
				60B0D0E217380C14000DA458 /* Products */,
			);
			sourceTree = "<group>";
		};
		60B0D0E217380C14000DA458 /* Products */ = {
			isa = PBXGroup;
			children = (
				60B0D0E117380C14000DA458 /* GamesScreensaver.saver */,
				60E26D7C173E2F7900DF7CED /* ScreensaverBootstrap.app */,
			);
			name = Products;
			sourceTree = "<group>";
		};
		60B0D0E317380C14000DA458 /* Frameworks */ = {
			isa = PBXGroup;
			children = (
				60B0D0FF1738D0A1000DA458 /* QTKit.framework */,
				60B0D0E417380C14000DA458 /* Cocoa.framework */,
				60B0D0E617380C14000DA458 /* ScreenSaver.framework */,
				60B0D0E817380C14000DA458 /* Other Frameworks */,
			);
			name = Frameworks;
			sourceTree = "<group>";
		};
		60B0D0E817380C14000DA458 /* Other Frameworks */ = {
			isa = PBXGroup;
			children = (
				60B0D0E917380C14000DA458 /* AppKit.framework */,
				60B0D0EA17380C14000DA458 /* CoreData.framework */,
				60B0D0EB17380C14000DA458 /* Foundation.framework */,
			);
			name = "Other Frameworks";
			sourceTree = "<group>";
		};
		60B0D0EC17380C14000DA458 /* GamesScreensaver */ = {
			isa = PBXGroup;
			children = (
				60B0D0F317380C14000DA458 /* GamesScreensaverView.h */,
				60B0D0F417380C14000DA458 /* GamesScreensaverView.m */,
				60B0D0ED17380C14000DA458 /* Supporting Files */,
			);
			path = GamesScreensaver;
			sourceTree = "<group>";
		};
		60B0D0ED17380C14000DA458 /* Supporting Files */ = {
			isa = PBXGroup;
			children = (
				60B0D0FB17380CE1000DA458 /* HCYoutubeParser.h */,
				60B0D0FC17380CE1000DA458 /* HCYoutubeParser.m */,
				60B0D0EE17380C14000DA458 /* GamesScreensaver-Info.plist */,
				60B0D0EF17380C14000DA458 /* InfoPlist.strings */,
				60B0D0F217380C14000DA458 /* GamesScreensaver-Prefix.pch */,
			);
			name = "Supporting Files";
			sourceTree = "<group>";
		};
		60E26D7E173E2F7900DF7CED /* ScreensaverBootstrap */ = {
			isa = PBXGroup;
			children = (
				60E26D8A173E2F7900DF7CED /* AppDelegate.h */,
				60E26D8B173E2F7900DF7CED /* AppDelegate.m */,
				60E26D8D173E2F7900DF7CED /* MainMenu.xib */,
				60E26D7F173E2F7900DF7CED /* Supporting Files */,
			);
			path = ScreensaverBootstrap;
			sourceTree = "<group>";
		};
		60E26D7F173E2F7900DF7CED /* Supporting Files */ = {
			isa = PBXGroup;
			children = (
				60E26D80173E2F7900DF7CED /* ScreensaverBootstrap-Info.plist */,
				60E26D81173E2F7900DF7CED /* InfoPlist.strings */,
				60E26D84173E2F7900DF7CED /* main.m */,
				60E26D86173E2F7900DF7CED /* ScreensaverBootstrap-Prefix.pch */,
				60E26D87173E2F7900DF7CED /* Credits.rtf */,
			);
			name = "Supporting Files";
			sourceTree = "<group>";
		};
/* End PBXGroup section */

/* Begin PBXHeadersBuildPhase section */
		60B0D0DD17380C14000DA458 /* Headers */ = {
			isa = PBXHeadersBuildPhase;
			buildActionMask = 2147483647;
			files = (
				60B0D0FD17380CE1000DA458 /* HCYoutubeParser.h in Headers */,
			);
			runOnlyForDeploymentPostprocessing = 0;
		};
/* End PBXHeadersBuildPhase section */

/* Begin PBXNativeTarget section */
		60B0D0E017380C14000DA458 /* GamesScreensaver */ = {
			isa = PBXNativeTarget;
			buildConfigurationList = 60B0D0F817380C14000DA458 /* Build configuration list for PBXNativeTarget "GamesScreensaver" */;
			buildPhases = (
				60B0D0DB17380C14000DA458 /* Sources */,
				60B0D0DC17380C14000DA458 /* Frameworks */,
				60B0D0DD17380C14000DA458 /* Headers */,
				60B0D0DE17380C14000DA458 /* Resources */,
				60B0D0DF17380C14000DA458 /* Rez */,
			);
			buildRules = (
			);
			dependencies = (
			);
			name = GamesScreensaver;
			productName = GamesScreensaver;
			productReference = 60B0D0E117380C14000DA458 /* GamesScreensaver.saver */;
			productType = "com.apple.product-type.bundle";
		};
		60E26D7B173E2F7900DF7CED /* ScreensaverBootstrap */ = {
			isa = PBXNativeTarget;
			buildConfigurationList = 60E26D92173E2F7900DF7CED /* Build configuration list for PBXNativeTarget "ScreensaverBootstrap" */;
			buildPhases = (
				60E26D78173E2F7900DF7CED /* Sources */,
				60E26D79173E2F7900DF7CED /* Frameworks */,
				60E26D7A173E2F7900DF7CED /* Resources */,
			);
			buildRules = (
			);
			dependencies = (
			);
			name = ScreensaverBootstrap;
			productName = ScreensaverBootstrap;
			productReference = 60E26D7C173E2F7900DF7CED /* ScreensaverBootstrap.app */;
			productType = "com.apple.product-type.application";
		};
/* End PBXNativeTarget section */

/* Begin PBXProject section */
		60B0D0D717380C14000DA458 /* Project object */ = {
			isa = PBXProject;
			attributes = {
				LastUpgradeCheck = 0460;
				ORGANIZATIONNAME = Orta;
			};
			buildConfigurationList = 60B0D0DA17380C14000DA458 /* Build configuration list for PBXProject "GamesScreensaver" */;
			compatibilityVersion = "Xcode 3.2";
			developmentRegion = English;
			hasScannedForEncodings = 0;
			knownRegions = (
				en,
			);
			mainGroup = 60B0D0D617380C14000DA458;
			productRefGroup = 60B0D0E217380C14000DA458 /* Products */;
			projectDirPath = "";
			projectRoot = "";
			targets = (
				60B0D0E017380C14000DA458 /* GamesScreensaver */,
				60E26D7B173E2F7900DF7CED /* ScreensaverBootstrap */,
			);
		};
/* End PBXProject section */

/* Begin PBXResourcesBuildPhase section */
		60B0D0DE17380C14000DA458 /* Resources */ = {
			isa = PBXResourcesBuildPhase;
			buildActionMask = 2147483647;
			files = (
				60B0D0F117380C14000DA458 /* InfoPlist.strings in Resources */,
			);
			runOnlyForDeploymentPostprocessing = 0;
		};
		60E26D7A173E2F7900DF7CED /* Resources */ = {
			isa = PBXResourcesBuildPhase;
			buildActionMask = 2147483647;
			files = (
				60E26D83173E2F7900DF7CED /* InfoPlist.strings in Resources */,
				60E26D89173E2F7900DF7CED /* Credits.rtf in Resources */,
				60E26D8F173E2F7900DF7CED /* MainMenu.xib in Resources */,
			);
			runOnlyForDeploymentPostprocessing = 0;
		};
/* End PBXResourcesBuildPhase section */

/* Begin PBXRezBuildPhase section */
		60B0D0DF17380C14000DA458 /* Rez */ = {
			isa = PBXRezBuildPhase;
			buildActionMask = 2147483647;
			files = (
			);
			runOnlyForDeploymentPostprocessing = 0;
		};
/* End PBXRezBuildPhase section */

/* Begin PBXSourcesBuildPhase section */
		60B0D0DB17380C14000DA458 /* Sources */ = {
			isa = PBXSourcesBuildPhase;
			buildActionMask = 2147483647;
			files = (
				60B0D0F517380C14000DA458 /* GamesScreensaverView.m in Sources */,
				60B0D0FE17380CE1000DA458 /* HCYoutubeParser.m in Sources */,
			);
			runOnlyForDeploymentPostprocessing = 0;
		};
		60E26D78173E2F7900DF7CED /* Sources */ = {
			isa = PBXSourcesBuildPhase;
			buildActionMask = 2147483647;
			files = (
				60E26D85173E2F7900DF7CED /* main.m in Sources */,
				60E26D8C173E2F7900DF7CED /* AppDelegate.m in Sources */,
				60E26D93173E318C00DF7CED /* GamesScreensaverView.m in Sources */,
				60E26D94173E318F00DF7CED /* HCYoutubeParser.m in Sources */,
			);
			runOnlyForDeploymentPostprocessing = 0;
		};
/* End PBXSourcesBuildPhase section */

/* Begin PBXVariantGroup section */
		60B0D0EF17380C14000DA458 /* InfoPlist.strings */ = {
			isa = PBXVariantGroup;
			children = (
				60B0D0F017380C14000DA458 /* en */,
			);
			name = InfoPlist.strings;
			sourceTree = "<group>";
		};
		60E26D81173E2F7900DF7CED /* InfoPlist.strings */ = {
			isa = PBXVariantGroup;
			children = (
				60E26D82173E2F7900DF7CED /* en */,
			);
			name = InfoPlist.strings;
			sourceTree = "<group>";
		};
		60E26D87173E2F7900DF7CED /* Credits.rtf */ = {
			isa = PBXVariantGroup;
			children = (
				60E26D88173E2F7900DF7CED /* en */,
			);
			name = Credits.rtf;
			sourceTree = "<group>";
		};
		60E26D8D173E2F7900DF7CED /* MainMenu.xib */ = {
			isa = PBXVariantGroup;
			children = (
				60E26D8E173E2F7900DF7CED /* en */,
			);
			name = MainMenu.xib;
			sourceTree = "<group>";
		};
/* End PBXVariantGroup section */

/* Begin XCBuildConfiguration section */
		60B0D0F617380C14000DA458 /* Debug */ = {
			isa = XCBuildConfiguration;
			buildSettings = {
				ALWAYS_SEARCH_USER_PATHS = NO;
				ARCHS = "$(ARCHS_STANDARD_64_BIT)";
				CLANG_CXX_LANGUAGE_STANDARD = "gnu++0x";
				CLANG_CXX_LIBRARY = "libc++";
				CLANG_WARN_CONSTANT_CONVERSION = YES;
				CLANG_WARN_EMPTY_BODY = YES;
				CLANG_WARN_ENUM_CONVERSION = YES;
				CLANG_WARN_INT_CONVERSION = YES;
				CLANG_WARN__DUPLICATE_METHOD_MATCH = YES;
				COPY_PHASE_STRIP = NO;
				GCC_C_LANGUAGE_STANDARD = gnu99;
				GCC_DYNAMIC_NO_PIC = NO;
				GCC_ENABLE_OBJC_EXCEPTIONS = YES;
				GCC_ENABLE_OBJC_GC = supported;
				GCC_OPTIMIZATION_LEVEL = 0;
				GCC_PREPROCESSOR_DEFINITIONS = (
					"DEBUG=1",
					"$(inherited)",
				);
				GCC_SYMBOLS_PRIVATE_EXTERN = NO;
				GCC_WARN_64_TO_32_BIT_CONVERSION = YES;
				GCC_WARN_ABOUT_RETURN_TYPE = YES;
				GCC_WARN_UNINITIALIZED_AUTOS = YES;
				GCC_WARN_UNUSED_VARIABLE = YES;
				MACOSX_DEPLOYMENT_TARGET = 10.8;
				ONLY_ACTIVE_ARCH = YES;
				SDKROOT = macosx;
			};
			name = Debug;
		};
		60B0D0F717380C14000DA458 /* Release */ = {
			isa = XCBuildConfiguration;
			buildSettings = {
				ALWAYS_SEARCH_USER_PATHS = NO;
				ARCHS = "$(ARCHS_STANDARD_64_BIT)";
				CLANG_CXX_LANGUAGE_STANDARD = "gnu++0x";
				CLANG_CXX_LIBRARY = "libc++";
				CLANG_WARN_CONSTANT_CONVERSION = YES;
				CLANG_WARN_EMPTY_BODY = YES;
				CLANG_WARN_ENUM_CONVERSION = YES;
				CLANG_WARN_INT_CONVERSION = YES;
				CLANG_WARN__DUPLICATE_METHOD_MATCH = YES;
				COPY_PHASE_STRIP = YES;
				DEBUG_INFORMATION_FORMAT = "dwarf-with-dsym";
				GCC_C_LANGUAGE_STANDARD = gnu99;
				GCC_ENABLE_OBJC_EXCEPTIONS = YES;
				GCC_ENABLE_OBJC_GC = supported;
				GCC_WARN_64_TO_32_BIT_CONVERSION = YES;
				GCC_WARN_ABOUT_RETURN_TYPE = YES;
				GCC_WARN_UNINITIALIZED_AUTOS = YES;
				GCC_WARN_UNUSED_VARIABLE = YES;
				MACOSX_DEPLOYMENT_TARGET = 10.8;
				SDKROOT = macosx;
			};
			name = Release;
		};
		60B0D0F917380C14000DA458 /* Debug */ = {
			isa = XCBuildConfiguration;
			buildSettings = {
				CLANG_ENABLE_OBJC_ARC = YES;
				COMBINE_HIDPI_IMAGES = YES;
				GCC_ENABLE_OBJC_GC = "";
				GCC_PRECOMPILE_PREFIX_HEADER = YES;
				GCC_PREFIX_HEADER = "GamesScreensaver/GamesScreensaver-Prefix.pch";
				INFOPLIST_FILE = "GamesScreensaver/GamesScreensaver-Info.plist";
				INSTALL_PATH = "$(HOME)/Library/Screen Savers";
				PRODUCT_NAME = "$(TARGET_NAME)";
				WRAPPER_EXTENSION = saver;
			};
			name = Debug;
		};
		60B0D0FA17380C14000DA458 /* Release */ = {
			isa = XCBuildConfiguration;
			buildSettings = {
				CLANG_ENABLE_OBJC_ARC = YES;
				COMBINE_HIDPI_IMAGES = YES;
				GCC_ENABLE_OBJC_GC = "";
				GCC_PRECOMPILE_PREFIX_HEADER = YES;
				GCC_PREFIX_HEADER = "GamesScreensaver/GamesScreensaver-Prefix.pch";
				INFOPLIST_FILE = "GamesScreensaver/GamesScreensaver-Info.plist";
				INSTALL_PATH = "$(HOME)/Library/Screen Savers";
				PRODUCT_NAME = "$(TARGET_NAME)";
				WRAPPER_EXTENSION = saver;
			};
			name = Release;
		};
		60E26D90173E2F7900DF7CED /* Debug */ = {
			isa = XCBuildConfiguration;
			buildSettings = {
				CLANG_ENABLE_OBJC_ARC = YES;
				COMBINE_HIDPI_IMAGES = YES;
				GCC_ENABLE_OBJC_GC = "";
				GCC_PRECOMPILE_PREFIX_HEADER = YES;
				GCC_PREFIX_HEADER = "ScreensaverBootstrap/ScreensaverBootstrap-Prefix.pch";
				INFOPLIST_FILE = "ScreensaverBootstrap/ScreensaverBootstrap-Info.plist";
				PRODUCT_NAME = "$(TARGET_NAME)";
				WRAPPER_EXTENSION = app;
			};
			name = Debug;
		};
		60E26D91173E2F7900DF7CED /* Release */ = {
			isa = XCBuildConfiguration;
			buildSettings = {
				CLANG_ENABLE_OBJC_ARC = YES;
				COMBINE_HIDPI_IMAGES = YES;
				GCC_ENABLE_OBJC_GC = "";
				GCC_PRECOMPILE_PREFIX_HEADER = YES;
				GCC_PREFIX_HEADER = "ScreensaverBootstrap/ScreensaverBootstrap-Prefix.pch";
				INFOPLIST_FILE = "ScreensaverBootstrap/ScreensaverBootstrap-Info.plist";
				PRODUCT_NAME = "$(TARGET_NAME)";
				WRAPPER_EXTENSION = app;
			};
			name = Release;
		};
/* End XCBuildConfiguration section */

/* Begin XCConfigurationList section */
		60B0D0DA17380C14000DA458 /* Build configuration list for PBXProject "GamesScreensaver" */ = {
			isa = XCConfigurationList;
			buildConfigurations = (
				60B0D0F617380C14000DA458 /* Debug */,
				60B0D0F717380C14000DA458 /* Release */,
			);
			defaultConfigurationIsVisible = 0;
			defaultConfigurationName = Release;
		};
		60B0D0F817380C14000DA458 /* Build configuration list for PBXNativeTarget "GamesScreensaver" */ = {
			isa = XCConfigurationList;
			buildConfigurations = (
				60B0D0F917380C14000DA458 /* Debug */,
				60B0D0FA17380C14000DA458 /* Release */,
			);
			defaultConfigurationIsVisible = 0;
			defaultConfigurationName = Release;
		};
		60E26D92173E2F7900DF7CED /* Build configuration list for PBXNativeTarget "ScreensaverBootstrap" */ = {
			isa = XCConfigurationList;
			buildConfigurations = (
				60E26D90173E2F7900DF7CED /* Debug */,
				60E26D91173E2F7900DF7CED /* Release */,
			);
			defaultConfigurationIsVisible = 0;
		};
/* End XCConfigurationList section */
	};
	rootObject = 60B0D0D717380C14000DA458 /* Project object */;
}
