// !$*UTF8*$!
{
	archiveVersion = 1;
	classes = {
	};
	objectVersion = 46;
	objects = {

/* Begin PBXBuildFile section */
		60756727173F8C3500E0732D /* NSUserDefaults+ScreenSaverDefaults.h in Headers */ = {isa = PBXBuildFile; fileRef = 60756725173F8C3500E0732D /* NSUserDefaults+ScreenSaverDefaults.h */; };
		60756728173F8C3500E0732D /* NSUserDefaults+ScreenSaverDefaults.m in Sources */ = {isa = PBXBuildFile; fileRef = 60756726173F8C3500E0732D /* NSUserDefaults+ScreenSaverDefaults.m */; };
		60756729173F8C3500E0732D /* NSUserDefaults+ScreenSaverDefaults.m in Sources */ = {isa = PBXBuildFile; fileRef = 60756726173F8C3500E0732D /* NSUserDefaults+ScreenSaverDefaults.m */; };
		60B0D0E517380C14000DA458 /* Cocoa.framework in Frameworks */ = {isa = PBXBuildFile; fileRef = 60B0D0E417380C14000DA458 /* Cocoa.framework */; };
		60B0D0E717380C14000DA458 /* ScreenSaver.framework in Frameworks */ = {isa = PBXBuildFile; fileRef = 60B0D0E617380C14000DA458 /* ScreenSaver.framework */; };
		60B0D0F117380C14000DA458 /* InfoPlist.strings in Resources */ = {isa = PBXBuildFile; fileRef = 60B0D0EF17380C14000DA458 /* InfoPlist.strings */; };
		60B0D0F517380C14000DA458 /* GamesScreensaverView.m in Sources */ = {isa = PBXBuildFile; fileRef = 60B0D0F417380C14000DA458 /* GamesScreensaverView.m */; };
		60B0D0FD17380CE1000DA458 /* HCYoutubeParser.h in Headers */ = {isa = PBXBuildFile; fileRef = 60B0D0FB17380CE1000DA458 /* HCYoutubeParser.h */; };
		60B0D0FE17380CE1000DA458 /* HCYoutubeParser.m in Sources */ = {isa = PBXBuildFile; fileRef = 60B0D0FC17380CE1000DA458 /* HCYoutubeParser.m */; };
		60B0D1001738D0A1000DA458 /* QTKit.framework in Frameworks */ = {isa = PBXBuildFile; fileRef = 60B0D0FF1738D0A1000DA458 /* QTKit.framework */; };
		60E26D7D173E2F7900DF7CED /* Cocoa.framework in Frameworks */ = {isa = PBXBuildFile; fileRef = 60B0D0E417380C14000DA458 /* Cocoa.framework */; };
		60E26D83173E2F7900DF7CED /* InfoPlist.strings in Resources */ = {isa = PBXBuildFile; fileRef = 60E26D81173E2F7900DF7CED /* InfoPlist.strings */; };
		60E26D85173E2F7900DF7CED /* main.m in Sources */ = {isa = PBXBuildFile; fileRef = 60E26D84173E2F7900DF7CED /* main.m */; };
		60E26D89173E2F7900DF7CED /* Credits.rtf in Resources */ = {isa = PBXBuildFile; fileRef = 60E26D87173E2F7900DF7CED /* Credits.rtf */; };
		60E26D8C173E2F7900DF7CED /* AppDelegate.m in Sources */ = {isa = PBXBuildFile; fileRef = 60E26D8B173E2F7900DF7CED /* AppDelegate.m */; };
		60E26D8F173E2F7900DF7CED /* MainMenu.xib in Resources */ = {isa = PBXBuildFile; fileRef = 60E26D8D173E2F7900DF7CED /* MainMenu.xib */; };
		60E26D93173E318C00DF7CED /* GamesScreensaverView.m in Sources */ = {isa = PBXBuildFile; fileRef = 60B0D0F417380C14000DA458 /* GamesScreensaverView.m */; };
		60E26D94173E318F00DF7CED /* HCYoutubeParser.m in Sources */ = {isa = PBXBuildFile; fileRef = 60B0D0FC17380CE1000DA458 /* HCYoutubeParser.m */; };
		60E26D95173E31A000DF7CED /* QTKit.framework in Frameworks */ = {isa = PBXBuildFile; fileRef = 60B0D0FF1738D0A1000DA458 /* QTKit.framework */; };
		60E26D96173E31A600DF7CED /* ScreenSaver.framework in Frameworks */ = {isa = PBXBuildFile; fileRef = 60B0D0E617380C14000DA458 /* ScreenSaver.framework */; };
		60E26D98173E415700DF7CED /* metadata.json in Resources */ = {isa = PBXBuildFile; fileRef = 60E26D97173E415700DF7CED /* metadata.json */; };
		60E26D99173E415700DF7CED /* metadata.json in Resources */ = {isa = PBXBuildFile; fileRef = 60E26D97173E415700DF7CED /* metadata.json */; };
		60E26D9C173E454500DF7CED /* Quartz.framework in Frameworks */ = {isa = PBXBuildFile; fileRef = 60E26D9A173E454500DF7CED /* Quartz.framework */; };
		60E26D9D173E454500DF7CED /* QuartzCore.framework in Frameworks */ = {isa = PBXBuildFile; fileRef = 60E26D9B173E454500DF7CED /* QuartzCore.framework */; };
		60E26D9E173E454B00DF7CED /* Quartz.framework in Frameworks */ = {isa = PBXBuildFile; fileRef = 60E26D9A173E454500DF7CED /* Quartz.framework */; };
		60E26D9F173E454B00DF7CED /* QuartzCore.framework in Frameworks */ = {isa = PBXBuildFile; fileRef = 60E26D9B173E454500DF7CED /* QuartzCore.framework */; };
		60E26DA2173E5A7800DF7CED /* NSFileManager+DirectoryLocations.h in Headers */ = {isa = PBXBuildFile; fileRef = 60E26DA0173E5A7800DF7CED /* NSFileManager+DirectoryLocations.h */; };
		60E26DA3173E5A7800DF7CED /* NSFileManager+DirectoryLocations.m in Sources */ = {isa = PBXBuildFile; fileRef = 60E26DA1173E5A7800DF7CED /* NSFileManager+DirectoryLocations.m */; };
		60E26DA4173E5A7800DF7CED /* NSFileManager+DirectoryLocations.m in Sources */ = {isa = PBXBuildFile; fileRef = 60E26DA1173E5A7800DF7CED /* NSFileManager+DirectoryLocations.m */; };
		60E26DB7173E5BF900DF7CED /* AFHTTPClient.h in Headers */ = {isa = PBXBuildFile; fileRef = 60E26DA6173E5BF900DF7CED /* AFHTTPClient.h */; };
		60E26DB8173E5BF900DF7CED /* AFHTTPClient.m in Sources */ = {isa = PBXBuildFile; fileRef = 60E26DA7173E5BF900DF7CED /* AFHTTPClient.m */; };
		60E26DB9173E5BF900DF7CED /* AFHTTPClient.m in Sources */ = {isa = PBXBuildFile; fileRef = 60E26DA7173E5BF900DF7CED /* AFHTTPClient.m */; };
		60E26DBA173E5BF900DF7CED /* AFHTTPRequestOperation.h in Headers */ = {isa = PBXBuildFile; fileRef = 60E26DA8173E5BF900DF7CED /* AFHTTPRequestOperation.h */; };
		60E26DBB173E5BF900DF7CED /* AFHTTPRequestOperation.m in Sources */ = {isa = PBXBuildFile; fileRef = 60E26DA9173E5BF900DF7CED /* AFHTTPRequestOperation.m */; };
		60E26DBC173E5BF900DF7CED /* AFHTTPRequestOperation.m in Sources */ = {isa = PBXBuildFile; fileRef = 60E26DA9173E5BF900DF7CED /* AFHTTPRequestOperation.m */; };
		60E26DBD173E5BF900DF7CED /* AFImageRequestOperation.h in Headers */ = {isa = PBXBuildFile; fileRef = 60E26DAA173E5BF900DF7CED /* AFImageRequestOperation.h */; };
		60E26DBE173E5BF900DF7CED /* AFImageRequestOperation.m in Sources */ = {isa = PBXBuildFile; fileRef = 60E26DAB173E5BF900DF7CED /* AFImageRequestOperation.m */; };
		60E26DBF173E5BF900DF7CED /* AFImageRequestOperation.m in Sources */ = {isa = PBXBuildFile; fileRef = 60E26DAB173E5BF900DF7CED /* AFImageRequestOperation.m */; };
		60E26DC0173E5BF900DF7CED /* AFJSONRequestOperation.h in Headers */ = {isa = PBXBuildFile; fileRef = 60E26DAC173E5BF900DF7CED /* AFJSONRequestOperation.h */; };
		60E26DC1173E5BF900DF7CED /* AFJSONRequestOperation.m in Sources */ = {isa = PBXBuildFile; fileRef = 60E26DAD173E5BF900DF7CED /* AFJSONRequestOperation.m */; };
		60E26DC2173E5BF900DF7CED /* AFJSONRequestOperation.m in Sources */ = {isa = PBXBuildFile; fileRef = 60E26DAD173E5BF900DF7CED /* AFJSONRequestOperation.m */; };
		60E26DC3173E5BF900DF7CED /* AFNetworkActivityIndicatorManager.h in Headers */ = {isa = PBXBuildFile; fileRef = 60E26DAE173E5BF900DF7CED /* AFNetworkActivityIndicatorManager.h */; };
		60E26DC4173E5BF900DF7CED /* AFNetworkActivityIndicatorManager.m in Sources */ = {isa = PBXBuildFile; fileRef = 60E26DAF173E5BF900DF7CED /* AFNetworkActivityIndicatorManager.m */; };
		60E26DC5173E5BF900DF7CED /* AFNetworkActivityIndicatorManager.m in Sources */ = {isa = PBXBuildFile; fileRef = 60E26DAF173E5BF900DF7CED /* AFNetworkActivityIndicatorManager.m */; };
		60E26DC6173E5BF900DF7CED /* AFNetworking.h in Headers */ = {isa = PBXBuildFile; fileRef = 60E26DB0173E5BF900DF7CED /* AFNetworking.h */; };
		60E26DC7173E5BF900DF7CED /* AFPropertyListRequestOperation.h in Headers */ = {isa = PBXBuildFile; fileRef = 60E26DB1173E5BF900DF7CED /* AFPropertyListRequestOperation.h */; };
		60E26DC8173E5BF900DF7CED /* AFPropertyListRequestOperation.m in Sources */ = {isa = PBXBuildFile; fileRef = 60E26DB2173E5BF900DF7CED /* AFPropertyListRequestOperation.m */; };
		60E26DC9173E5BF900DF7CED /* AFPropertyListRequestOperation.m in Sources */ = {isa = PBXBuildFile; fileRef = 60E26DB2173E5BF900DF7CED /* AFPropertyListRequestOperation.m */; };
		60E26DCA173E5BF900DF7CED /* AFURLConnectionOperation.h in Headers */ = {isa = PBXBuildFile; fileRef = 60E26DB3173E5BF900DF7CED /* AFURLConnectionOperation.h */; };
		60E26DCB173E5BF900DF7CED /* AFURLConnectionOperation.m in Sources */ = {isa = PBXBuildFile; fileRef = 60E26DB4173E5BF900DF7CED /* AFURLConnectionOperation.m */; };
		60E26DCC173E5BF900DF7CED /* AFURLConnectionOperation.m in Sources */ = {isa = PBXBuildFile; fileRef = 60E26DB4173E5BF900DF7CED /* AFURLConnectionOperation.m */; };
		60E26DCD173E5BF900DF7CED /* AFXMLRequestOperation.h in Headers */ = {isa = PBXBuildFile; fileRef = 60E26DB5173E5BF900DF7CED /* AFXMLRequestOperation.h */; };
		60E26DCE173E5BF900DF7CED /* AFXMLRequestOperation.m in Sources */ = {isa = PBXBuildFile; fileRef = 60E26DB6173E5BF900DF7CED /* AFXMLRequestOperation.m */; };
		60E26DCF173E5BF900DF7CED /* AFXMLRequestOperation.m in Sources */ = {isa = PBXBuildFile; fileRef = 60E26DB6173E5BF900DF7CED /* AFXMLRequestOperation.m */; };
		60E26DD2173E5C1A00DF7CED /* AFDownloadRequestOperation.h in Headers */ = {isa = PBXBuildFile; fileRef = 60E26DD0173E5C1A00DF7CED /* AFDownloadRequestOperation.h */; };
		60E26DD3173E5C1A00DF7CED /* AFDownloadRequestOperation.m in Sources */ = {isa = PBXBuildFile; fileRef = 60E26DD1173E5C1A00DF7CED /* AFDownloadRequestOperation.m */; };
		60E26DD4173E5C1A00DF7CED /* AFDownloadRequestOperation.m in Sources */ = {isa = PBXBuildFile; fileRef = 60E26DD1173E5C1A00DF7CED /* AFDownloadRequestOperation.m */; };
		60E26DD7173E5EE000DF7CED /* AppKitCompatibility.h in Headers */ = {isa = PBXBuildFile; fileRef = 60E26DD5173E5EDF00DF7CED /* AppKitCompatibility.h */; };
		60E26DD8173E5EE000DF7CED /* AppKitCompatibility.m in Sources */ = {isa = PBXBuildFile; fileRef = 60E26DD6173E5EDF00DF7CED /* AppKitCompatibility.m */; };
		60E26DD9173E5EE000DF7CED /* AppKitCompatibility.m in Sources */ = {isa = PBXBuildFile; fileRef = 60E26DD6173E5EDF00DF7CED /* AppKitCompatibility.m */; };
		60E26DDC173E5F0300DF7CED /* DDProgressView.h in Headers */ = {isa = PBXBuildFile; fileRef = 60E26DDA173E5F0300DF7CED /* DDProgressView.h */; };
		60E26DDD173E5F0300DF7CED /* DDProgressView.m in Sources */ = {isa = PBXBuildFile; fileRef = 60E26DDB173E5F0300DF7CED /* DDProgressView.m */; };
		60E26DDE173E5F0300DF7CED /* DDProgressView.m in Sources */ = {isa = PBXBuildFile; fileRef = 60E26DDB173E5F0300DF7CED /* DDProgressView.m */; };
		60E26DE1173E953B00DF7CED /* NSString+MD5.h in Headers */ = {isa = PBXBuildFile; fileRef = 60E26DDF173E953800DF7CED /* NSString+MD5.h */; };
		60E26DE2173E953B00DF7CED /* NSString+MD5.m in Sources */ = {isa = PBXBuildFile; fileRef = 60E26DE0173E953900DF7CED /* NSString+MD5.m */; };
		60E26DE3173E953B00DF7CED /* NSString+MD5.m in Sources */ = {isa = PBXBuildFile; fileRef = 60E26DE0173E953900DF7CED /* NSString+MD5.m */; };
		60E26DE6173EFAEC00DF7CED /* Settings.xib in Resources */ = {isa = PBXBuildFile; fileRef = 60E26DE5173EFAEB00DF7CED /* Settings.xib */; };
		60E26DE7173EFAEC00DF7CED /* Settings.xib in Resources */ = {isa = PBXBuildFile; fileRef = 60E26DE5173EFAEB00DF7CED /* Settings.xib */; };
		60E26DEA173EFB2A00DF7CED /* ScreenSaverConfig.h in Headers */ = {isa = PBXBuildFile; fileRef = 60E26DE8173EFB2900DF7CED /* ScreenSaverConfig.h */; };
		60E26DEB173EFB2A00DF7CED /* ScreenSaverConfig.m in Sources */ = {isa = PBXBuildFile; fileRef = 60E26DE9173EFB2900DF7CED /* ScreenSaverConfig.m */; };
		60E26DEC173EFB2A00DF7CED /* ScreenSaverConfig.m in Sources */ = {isa = PBXBuildFile; fileRef = 60E26DE9173EFB2900DF7CED /* ScreenSaverConfig.m */; };
/* End PBXBuildFile section */

/* Begin PBXFileReference section */
		60756725173F8C3500E0732D /* NSUserDefaults+ScreenSaverDefaults.h */ = {isa = PBXFileReference; fileEncoding = 4; lastKnownFileType = sourcecode.c.h; path = "NSUserDefaults+ScreenSaverDefaults.h"; sourceTree = "<group>"; };
		60756726173F8C3500E0732D /* NSUserDefaults+ScreenSaverDefaults.m */ = {isa = PBXFileReference; fileEncoding = 4; lastKnownFileType = sourcecode.c.objc; path = "NSUserDefaults+ScreenSaverDefaults.m"; sourceTree = "<group>"; };
		60B0D0E117380C14000DA458 /* GamesScreensaver.saver */ = {isa = PBXFileReference; explicitFileType = wrapper.cfbundle; includeInIndex = 0; path = GamesScreensaver.saver; sourceTree = BUILT_PRODUCTS_DIR; };
		60B0D0E417380C14000DA458 /* Cocoa.framework */ = {isa = PBXFileReference; lastKnownFileType = wrapper.framework; name = Cocoa.framework; path = System/Library/Frameworks/Cocoa.framework; sourceTree = SDKROOT; };
		60B0D0E617380C14000DA458 /* ScreenSaver.framework */ = {isa = PBXFileReference; lastKnownFileType = wrapper.framework; name = ScreenSaver.framework; path = System/Library/Frameworks/ScreenSaver.framework; sourceTree = SDKROOT; };
		60B0D0E917380C14000DA458 /* AppKit.framework */ = {isa = PBXFileReference; lastKnownFileType = wrapper.framework; name = AppKit.framework; path = System/Library/Frameworks/AppKit.framework; sourceTree = SDKROOT; };
		60B0D0EA17380C14000DA458 /* CoreData.framework */ = {isa = PBXFileReference; lastKnownFileType = wrapper.framework; name = CoreData.framework; path = System/Library/Frameworks/CoreData.framework; sourceTree = SDKROOT; };
		60B0D0EB17380C14000DA458 /* Foundation.framework */ = {isa = PBXFileReference; lastKnownFileType = wrapper.framework; name = Foundation.framework; path = System/Library/Frameworks/Foundation.framework; sourceTree = SDKROOT; };
		60B0D0EE17380C14000DA458 /* GamesScreensaver-Info.plist */ = {isa = PBXFileReference; lastKnownFileType = text.plist.xml; path = "GamesScreensaver-Info.plist"; sourceTree = "<group>"; };
		60B0D0F017380C14000DA458 /* en */ = {isa = PBXFileReference; lastKnownFileType = text.plist.strings; name = en; path = en.lproj/InfoPlist.strings; sourceTree = "<group>"; };
		60B0D0F217380C14000DA458 /* GamesScreensaver-Prefix.pch */ = {isa = PBXFileReference; lastKnownFileType = sourcecode.c.h; path = "GamesScreensaver-Prefix.pch"; sourceTree = "<group>"; };
		60B0D0F317380C14000DA458 /* GamesScreensaverView.h */ = {isa = PBXFileReference; lastKnownFileType = sourcecode.c.h; path = GamesScreensaverView.h; sourceTree = "<group>"; };
		60B0D0F417380C14000DA458 /* GamesScreensaverView.m */ = {isa = PBXFileReference; lastKnownFileType = sourcecode.c.objc; path = GamesScreensaverView.m; sourceTree = "<group>"; };
		60B0D0FB17380CE1000DA458 /* HCYoutubeParser.h */ = {isa = PBXFileReference; fileEncoding = 4; lastKnownFileType = sourcecode.c.h; path = HCYoutubeParser.h; sourceTree = "<group>"; };
		60B0D0FC17380CE1000DA458 /* HCYoutubeParser.m */ = {isa = PBXFileReference; fileEncoding = 4; lastKnownFileType = sourcecode.c.objc; path = HCYoutubeParser.m; sourceTree = "<group>"; };
		60B0D0FF1738D0A1000DA458 /* QTKit.framework */ = {isa = PBXFileReference; lastKnownFileType = wrapper.framework; name = QTKit.framework; path = System/Library/Frameworks/QTKit.framework; sourceTree = SDKROOT; };
		60E26D7C173E2F7900DF7CED /* ScreensaverBootstrap.app */ = {isa = PBXFileReference; explicitFileType = wrapper.application; includeInIndex = 0; path = ScreensaverBootstrap.app; sourceTree = BUILT_PRODUCTS_DIR; };
		60E26D80173E2F7900DF7CED /* ScreensaverBootstrap-Info.plist */ = {isa = PBXFileReference; lastKnownFileType = text.plist.xml; path = "ScreensaverBootstrap-Info.plist"; sourceTree = "<group>"; };
		60E26D82173E2F7900DF7CED /* en */ = {isa = PBXFileReference; lastKnownFileType = text.plist.strings; name = en; path = en.lproj/InfoPlist.strings; sourceTree = "<group>"; };
		60E26D84173E2F7900DF7CED /* main.m */ = {isa = PBXFileReference; lastKnownFileType = sourcecode.c.objc; path = main.m; sourceTree = "<group>"; };
		60E26D86173E2F7900DF7CED /* ScreensaverBootstrap-Prefix.pch */ = {isa = PBXFileReference; lastKnownFileType = sourcecode.c.h; path = "ScreensaverBootstrap-Prefix.pch"; sourceTree = "<group>"; };
		60E26D88173E2F7900DF7CED /* en */ = {isa = PBXFileReference; lastKnownFileType = text.rtf; name = en; path = en.lproj/Credits.rtf; sourceTree = "<group>"; };
		60E26D8A173E2F7900DF7CED /* AppDelegate.h */ = {isa = PBXFileReference; lastKnownFileType = sourcecode.c.h; path = AppDelegate.h; sourceTree = "<group>"; };
		60E26D8B173E2F7900DF7CED /* AppDelegate.m */ = {isa = PBXFileReference; lastKnownFileType = sourcecode.c.objc; path = AppDelegate.m; sourceTree = "<group>"; };
		60E26D8E173E2F7900DF7CED /* en */ = {isa = PBXFileReference; lastKnownFileType = file.xib; name = en; path = en.lproj/MainMenu.xib; sourceTree = "<group>"; };
		60E26D97173E415700DF7CED /* metadata.json */ = {isa = PBXFileReference; fileEncoding = 4; lastKnownFileType = text.json; path = metadata.json; sourceTree = "<group>"; };
		60E26D9A173E454500DF7CED /* Quartz.framework */ = {isa = PBXFileReference; lastKnownFileType = wrapper.framework; name = Quartz.framework; path = System/Library/Frameworks/Quartz.framework; sourceTree = SDKROOT; };
		60E26D9B173E454500DF7CED /* QuartzCore.framework */ = {isa = PBXFileReference; lastKnownFileType = wrapper.framework; name = QuartzCore.framework; path = System/Library/Frameworks/QuartzCore.framework; sourceTree = SDKROOT; };
		60E26DA0173E5A7800DF7CED /* NSFileManager+DirectoryLocations.h */ = {isa = PBXFileReference; fileEncoding = 4; lastKnownFileType = sourcecode.c.h; path = "NSFileManager+DirectoryLocations.h"; sourceTree = "<group>"; };
		60E26DA1173E5A7800DF7CED /* NSFileManager+DirectoryLocations.m */ = {isa = PBXFileReference; fileEncoding = 4; lastKnownFileType = sourcecode.c.objc; path = "NSFileManager+DirectoryLocations.m"; sourceTree = "<group>"; };
		60E26DA6173E5BF900DF7CED /* AFHTTPClient.h */ = {isa = PBXFileReference; fileEncoding = 4; lastKnownFileType = sourcecode.c.h; path = AFHTTPClient.h; sourceTree = "<group>"; };
		60E26DA7173E5BF900DF7CED /* AFHTTPClient.m */ = {isa = PBXFileReference; fileEncoding = 4; lastKnownFileType = sourcecode.c.objc; path = AFHTTPClient.m; sourceTree = "<group>"; };
		60E26DA8173E5BF900DF7CED /* AFHTTPRequestOperation.h */ = {isa = PBXFileReference; fileEncoding = 4; lastKnownFileType = sourcecode.c.h; path = AFHTTPRequestOperation.h; sourceTree = "<group>"; };
		60E26DA9173E5BF900DF7CED /* AFHTTPRequestOperation.m */ = {isa = PBXFileReference; fileEncoding = 4; lastKnownFileType = sourcecode.c.objc; path = AFHTTPRequestOperation.m; sourceTree = "<group>"; };
		60E26DAA173E5BF900DF7CED /* AFImageRequestOperation.h */ = {isa = PBXFileReference; fileEncoding = 4; lastKnownFileType = sourcecode.c.h; path = AFImageRequestOperation.h; sourceTree = "<group>"; };
		60E26DAB173E5BF900DF7CED /* AFImageRequestOperation.m */ = {isa = PBXFileReference; fileEncoding = 4; lastKnownFileType = sourcecode.c.objc; path = AFImageRequestOperation.m; sourceTree = "<group>"; };
		60E26DAC173E5BF900DF7CED /* AFJSONRequestOperation.h */ = {isa = PBXFileReference; fileEncoding = 4; lastKnownFileType = sourcecode.c.h; path = AFJSONRequestOperation.h; sourceTree = "<group>"; };
		60E26DAD173E5BF900DF7CED /* AFJSONRequestOperation.m */ = {isa = PBXFileReference; fileEncoding = 4; lastKnownFileType = sourcecode.c.objc; path = AFJSONRequestOperation.m; sourceTree = "<group>"; };
		60E26DAE173E5BF900DF7CED /* AFNetworkActivityIndicatorManager.h */ = {isa = PBXFileReference; fileEncoding = 4; lastKnownFileType = sourcecode.c.h; path = AFNetworkActivityIndicatorManager.h; sourceTree = "<group>"; };
		60E26DAF173E5BF900DF7CED /* AFNetworkActivityIndicatorManager.m */ = {isa = PBXFileReference; fileEncoding = 4; lastKnownFileType = sourcecode.c.objc; path = AFNetworkActivityIndicatorManager.m; sourceTree = "<group>"; };
		60E26DB0173E5BF900DF7CED /* AFNetworking.h */ = {isa = PBXFileReference; fileEncoding = 4; lastKnownFileType = sourcecode.c.h; path = AFNetworking.h; sourceTree = "<group>"; };
		60E26DB1173E5BF900DF7CED /* AFPropertyListRequestOperation.h */ = {isa = PBXFileReference; fileEncoding = 4; lastKnownFileType = sourcecode.c.h; path = AFPropertyListRequestOperation.h; sourceTree = "<group>"; };
		60E26DB2173E5BF900DF7CED /* AFPropertyListRequestOperation.m */ = {isa = PBXFileReference; fileEncoding = 4; lastKnownFileType = sourcecode.c.objc; path = AFPropertyListRequestOperation.m; sourceTree = "<group>"; };
		60E26DB3173E5BF900DF7CED /* AFURLConnectionOperation.h */ = {isa = PBXFileReference; fileEncoding = 4; lastKnownFileType = sourcecode.c.h; path = AFURLConnectionOperation.h; sourceTree = "<group>"; };
		60E26DB4173E5BF900DF7CED /* AFURLConnectionOperation.m */ = {isa = PBXFileReference; fileEncoding = 4; lastKnownFileType = sourcecode.c.objc; path = AFURLConnectionOperation.m; sourceTree = "<group>"; };
		60E26DB5173E5BF900DF7CED /* AFXMLRequestOperation.h */ = {isa = PBXFileReference; fileEncoding = 4; lastKnownFileType = sourcecode.c.h; path = AFXMLRequestOperation.h; sourceTree = "<group>"; };
		60E26DB6173E5BF900DF7CED /* AFXMLRequestOperation.m */ = {isa = PBXFileReference; fileEncoding = 4; lastKnownFileType = sourcecode.c.objc; path = AFXMLRequestOperation.m; sourceTree = "<group>"; };
		60E26DD0173E5C1A00DF7CED /* AFDownloadRequestOperation.h */ = {isa = PBXFileReference; fileEncoding = 4; lastKnownFileType = sourcecode.c.h; path = AFDownloadRequestOperation.h; sourceTree = "<group>"; };
		60E26DD1173E5C1A00DF7CED /* AFDownloadRequestOperation.m */ = {isa = PBXFileReference; fileEncoding = 4; lastKnownFileType = sourcecode.c.objc; path = AFDownloadRequestOperation.m; sourceTree = "<group>"; };
		60E26DD5173E5EDF00DF7CED /* AppKitCompatibility.h */ = {isa = PBXFileReference; fileEncoding = 4; lastKnownFileType = sourcecode.c.h; path = AppKitCompatibility.h; sourceTree = "<group>"; };
		60E26DD6173E5EDF00DF7CED /* AppKitCompatibility.m */ = {isa = PBXFileReference; fileEncoding = 4; lastKnownFileType = sourcecode.c.objc; path = AppKitCompatibility.m; sourceTree = "<group>"; };
		60E26DDA173E5F0300DF7CED /* DDProgressView.h */ = {isa = PBXFileReference; fileEncoding = 4; lastKnownFileType = sourcecode.c.h; path = DDProgressView.h; sourceTree = "<group>"; };
		60E26DDB173E5F0300DF7CED /* DDProgressView.m */ = {isa = PBXFileReference; fileEncoding = 4; lastKnownFileType = sourcecode.c.objc; path = DDProgressView.m; sourceTree = "<group>"; };
		60E26DDF173E953800DF7CED /* NSString+MD5.h */ = {isa = PBXFileReference; fileEncoding = 4; lastKnownFileType = sourcecode.c.h; path = "NSString+MD5.h"; sourceTree = "<group>"; };
		60E26DE0173E953900DF7CED /* NSString+MD5.m */ = {isa = PBXFileReference; fileEncoding = 4; lastKnownFileType = sourcecode.c.objc; path = "NSString+MD5.m"; sourceTree = "<group>"; };
		60E26DE5173EFAEB00DF7CED /* Settings.xib */ = {isa = PBXFileReference; fileEncoding = 4; lastKnownFileType = file.xib; path = Settings.xib; sourceTree = "<group>"; };
		60E26DE8173EFB2900DF7CED /* ScreenSaverConfig.h */ = {isa = PBXFileReference; fileEncoding = 4; lastKnownFileType = sourcecode.c.h; path = ScreenSaverConfig.h; sourceTree = "<group>"; };
		60E26DE9173EFB2900DF7CED /* ScreenSaverConfig.m */ = {isa = PBXFileReference; fileEncoding = 4; lastKnownFileType = sourcecode.c.objc; path = ScreenSaverConfig.m; sourceTree = "<group>"; };
/* End PBXFileReference section */

/* Begin PBXFrameworksBuildPhase section */
		60B0D0DC17380C14000DA458 /* Frameworks */ = {
			isa = PBXFrameworksBuildPhase;
			buildActionMask = 2147483647;
			files = (
				60E26D9E173E454B00DF7CED /* Quartz.framework in Frameworks */,
				60E26D9F173E454B00DF7CED /* QuartzCore.framework in Frameworks */,
				60B0D1001738D0A1000DA458 /* QTKit.framework in Frameworks */,
				60B0D0E517380C14000DA458 /* Cocoa.framework in Frameworks */,
				60B0D0E717380C14000DA458 /* ScreenSaver.framework in Frameworks */,
			);
			runOnlyForDeploymentPostprocessing = 0;
		};
		60E26D79173E2F7900DF7CED /* Frameworks */ = {
			isa = PBXFrameworksBuildPhase;
			buildActionMask = 2147483647;
			files = (
				60E26D9C173E454500DF7CED /* Quartz.framework in Frameworks */,
				60E26D9D173E454500DF7CED /* QuartzCore.framework in Frameworks */,
				60E26D96173E31A600DF7CED /* ScreenSaver.framework in Frameworks */,
				60E26D95173E31A000DF7CED /* QTKit.framework in Frameworks */,
				60E26D7D173E2F7900DF7CED /* Cocoa.framework in Frameworks */,
			);
			runOnlyForDeploymentPostprocessing = 0;
		};
/* End PBXFrameworksBuildPhase section */

/* Begin PBXGroup section */
		60756723173F006800E0732D /* Settings */ = {
			isa = PBXGroup;
			children = (
				60E26DE8173EFB2900DF7CED /* ScreenSaverConfig.h */,
				60E26DE9173EFB2900DF7CED /* ScreenSaverConfig.m */,
				60E26DE5173EFAEB00DF7CED /* Settings.xib */,
				60756725173F8C3500E0732D /* NSUserDefaults+ScreenSaverDefaults.h */,
				60756726173F8C3500E0732D /* NSUserDefaults+ScreenSaverDefaults.m */,
			);
			name = Settings;
			sourceTree = "<group>";
		};
		60756724173F006F00E0732D /* Screensaver */ = {
			isa = PBXGroup;
			children = (
				60B0D0F317380C14000DA458 /* GamesScreensaverView.h */,
				60B0D0F417380C14000DA458 /* GamesScreensaverView.m */,
			);
			name = Screensaver;
			sourceTree = "<group>";
		};
		60B0D0D617380C14000DA458 = {
			isa = PBXGroup;
			children = (
				60B0D0EC17380C14000DA458 /* GamesScreensaver */,
				60E26D7E173E2F7900DF7CED /* BootstrapApp */,
				60B0D0E317380C14000DA458 /* Frameworks */,
				60B0D0E217380C14000DA458 /* Products */,
			);
			sourceTree = "<group>";
		};
		60B0D0E217380C14000DA458 /* Products */ = {
			isa = PBXGroup;
			children = (
				60B0D0E117380C14000DA458 /* GamesScreensaver.saver */,
				60E26D7C173E2F7900DF7CED /* ScreensaverBootstrap.app */,
			);
			name = Products;
			sourceTree = "<group>";
		};
		60B0D0E317380C14000DA458 /* Frameworks */ = {
			isa = PBXGroup;
			children = (
				60E26D9A173E454500DF7CED /* Quartz.framework */,
				60E26D9B173E454500DF7CED /* QuartzCore.framework */,
				60B0D0FF1738D0A1000DA458 /* QTKit.framework */,
				60B0D0E417380C14000DA458 /* Cocoa.framework */,
				60B0D0E617380C14000DA458 /* ScreenSaver.framework */,
				60B0D0E817380C14000DA458 /* Other Frameworks */,
			);
			name = Frameworks;
			sourceTree = "<group>";
		};
		60B0D0E817380C14000DA458 /* Other Frameworks */ = {
			isa = PBXGroup;
			children = (
				60B0D0E917380C14000DA458 /* AppKit.framework */,
				60B0D0EA17380C14000DA458 /* CoreData.framework */,
				60B0D0EB17380C14000DA458 /* Foundation.framework */,
			);
			name = "Other Frameworks";
			sourceTree = "<group>";
		};
		60B0D0EC17380C14000DA458 /* GamesScreensaver */ = {
			isa = PBXGroup;
			children = (
				60756724173F006F00E0732D /* Screensaver */,
				60756723173F006800E0732D /* Settings */,
				60B0D0ED17380C14000DA458 /* Supporting Files */,
			);
			path = GamesScreensaver;
			sourceTree = "<group>";
		};
		60B0D0ED17380C14000DA458 /* Supporting Files */ = {
			isa = PBXGroup;
			children = (
				60E26DDF173E953800DF7CED /* NSString+MD5.h */,
				60E26DE0173E953900DF7CED /* NSString+MD5.m */,
				60E26DDA173E5F0300DF7CED /* DDProgressView.h */,
				60E26DDB173E5F0300DF7CED /* DDProgressView.m */,
				60E26DD5173E5EDF00DF7CED /* AppKitCompatibility.h */,
				60E26DD6173E5EDF00DF7CED /* AppKitCompatibility.m */,
				60E26DA5173E5BE700DF7CED /* networking */,
				60E26DA0173E5A7800DF7CED /* NSFileManager+DirectoryLocations.h */,
				60E26DA1173E5A7800DF7CED /* NSFileManager+DirectoryLocations.m */,
				60E26D97173E415700DF7CED /* metadata.json */,
				60B0D0FB17380CE1000DA458 /* HCYoutubeParser.h */,
				60B0D0FC17380CE1000DA458 /* HCYoutubeParser.m */,
				60B0D0EE17380C14000DA458 /* GamesScreensaver-Info.plist */,
				60B0D0EF17380C14000DA458 /* InfoPlist.strings */,
				60B0D0F217380C14000DA458 /* GamesScreensaver-Prefix.pch */,
			);
			name = "Supporting Files";
			sourceTree = "<group>";
		};
		60E26D7E173E2F7900DF7CED /* BootstrapApp */ = {
			isa = PBXGroup;
			children = (
				60E26D8A173E2F7900DF7CED /* AppDelegate.h */,
				60E26D8B173E2F7900DF7CED /* AppDelegate.m */,
				60E26D8D173E2F7900DF7CED /* MainMenu.xib */,
				60E26D7F173E2F7900DF7CED /* Supporting Files */,
			);
			name = BootstrapApp;
			path = ScreensaverBootstrap;
			sourceTree = "<group>";
		};
		60E26D7F173E2F7900DF7CED /* Supporting Files */ = {
			isa = PBXGroup;
			children = (
				60E26D80173E2F7900DF7CED /* ScreensaverBootstrap-Info.plist */,
				60E26D81173E2F7900DF7CED /* InfoPlist.strings */,
				60E26D84173E2F7900DF7CED /* main.m */,
				60E26D86173E2F7900DF7CED /* ScreensaverBootstrap-Prefix.pch */,
				60E26D87173E2F7900DF7CED /* Credits.rtf */,
			);
			name = "Supporting Files";
			sourceTree = "<group>";
		};
		60E26DA5173E5BE700DF7CED /* networking */ = {
			isa = PBXGroup;
			children = (
				60E26DD0173E5C1A00DF7CED /* AFDownloadRequestOperation.h */,
				60E26DD1173E5C1A00DF7CED /* AFDownloadRequestOperation.m */,
				60E26DA6173E5BF900DF7CED /* AFHTTPClient.h */,
				60E26DA7173E5BF900DF7CED /* AFHTTPClient.m */,
				60E26DA8173E5BF900DF7CED /* AFHTTPRequestOperation.h */,
				60E26DA9173E5BF900DF7CED /* AFHTTPRequestOperation.m */,
				60E26DAA173E5BF900DF7CED /* AFImageRequestOperation.h */,
				60E26DAB173E5BF900DF7CED /* AFImageRequestOperation.m */,
				60E26DAC173E5BF900DF7CED /* AFJSONRequestOperation.h */,
				60E26DAD173E5BF900DF7CED /* AFJSONRequestOperation.m */,
				60E26DAE173E5BF900DF7CED /* AFNetworkActivityIndicatorManager.h */,
				60E26DAF173E5BF900DF7CED /* AFNetworkActivityIndicatorManager.m */,
				60E26DB0173E5BF900DF7CED /* AFNetworking.h */,
				60E26DB1173E5BF900DF7CED /* AFPropertyListRequestOperation.h */,
				60E26DB2173E5BF900DF7CED /* AFPropertyListRequestOperation.m */,
				60E26DB3173E5BF900DF7CED /* AFURLConnectionOperation.h */,
				60E26DB4173E5BF900DF7CED /* AFURLConnectionOperation.m */,
				60E26DB5173E5BF900DF7CED /* AFXMLRequestOperation.h */,
				60E26DB6173E5BF900DF7CED /* AFXMLRequestOperation.m */,
			);
			name = networking;
			sourceTree = "<group>";
		};
/* End PBXGroup section */

/* Begin PBXHeadersBuildPhase section */
		60B0D0DD17380C14000DA458 /* Headers */ = {
			isa = PBXHeadersBuildPhase;
			buildActionMask = 2147483647;
			files = (
				60B0D0FD17380CE1000DA458 /* HCYoutubeParser.h in Headers */,
				60E26DA2173E5A7800DF7CED /* NSFileManager+DirectoryLocations.h in Headers */,
				60E26DB7173E5BF900DF7CED /* AFHTTPClient.h in Headers */,
				60E26DBA173E5BF900DF7CED /* AFHTTPRequestOperation.h in Headers */,
				60E26DBD173E5BF900DF7CED /* AFImageRequestOperation.h in Headers */,
				60E26DC0173E5BF900DF7CED /* AFJSONRequestOperation.h in Headers */,
				60E26DC3173E5BF900DF7CED /* AFNetworkActivityIndicatorManager.h in Headers */,
				60E26DC6173E5BF900DF7CED /* AFNetworking.h in Headers */,
				60E26DC7173E5BF900DF7CED /* AFPropertyListRequestOperation.h in Headers */,
				60E26DCA173E5BF900DF7CED /* AFURLConnectionOperation.h in Headers */,
				60E26DCD173E5BF900DF7CED /* AFXMLRequestOperation.h in Headers */,
				60E26DD2173E5C1A00DF7CED /* AFDownloadRequestOperation.h in Headers */,
				60E26DD7173E5EE000DF7CED /* AppKitCompatibility.h in Headers */,
				60E26DDC173E5F0300DF7CED /* DDProgressView.h in Headers */,
				60E26DE1173E953B00DF7CED /* NSString+MD5.h in Headers */,
				60E26DEA173EFB2A00DF7CED /* ScreenSaverConfig.h in Headers */,
				60756727173F8C3500E0732D /* NSUserDefaults+ScreenSaverDefaults.h in Headers */,
			);
			runOnlyForDeploymentPostprocessing = 0;
		};
/* End PBXHeadersBuildPhase section */

/* Begin PBXNativeTarget section */
		60B0D0E017380C14000DA458 /* GamesScreensaver */ = {
			isa = PBXNativeTarget;
			buildConfigurationList = 60B0D0F817380C14000DA458 /* Build configuration list for PBXNativeTarget "GamesScreensaver" */;
			buildPhases = (
				60B0D0DB17380C14000DA458 /* Sources */,
				60B0D0DC17380C14000DA458 /* Frameworks */,
				60B0D0DD17380C14000DA458 /* Headers */,
				60B0D0DE17380C14000DA458 /* Resources */,
				60B0D0DF17380C14000DA458 /* Rez */,
			);
			buildRules = (
			);
			dependencies = (
			);
			name = GamesScreensaver;
			productName = GamesScreensaver;
			productReference = 60B0D0E117380C14000DA458 /* GamesScreensaver.saver */;
			productType = "com.apple.product-type.bundle";
		};
		60E26D7B173E2F7900DF7CED /* ScreensaverBootstrap */ = {
			isa = PBXNativeTarget;
			buildConfigurationList = 60E26D92173E2F7900DF7CED /* Build configuration list for PBXNativeTarget "ScreensaverBootstrap" */;
			buildPhases = (
				60E26D78173E2F7900DF7CED /* Sources */,
				60E26D79173E2F7900DF7CED /* Frameworks */,
				60E26D7A173E2F7900DF7CED /* Resources */,
			);
			buildRules = (
			);
			dependencies = (
			);
			name = ScreensaverBootstrap;
			productName = ScreensaverBootstrap;
			productReference = 60E26D7C173E2F7900DF7CED /* ScreensaverBootstrap.app */;
			productType = "com.apple.product-type.application";
		};
/* End PBXNativeTarget section */

/* Begin PBXProject section */
		60B0D0D717380C14000DA458 /* Project object */ = {
			isa = PBXProject;
			attributes = {
				LastUpgradeCheck = 0460;
				ORGANIZATIONNAME = Orta;
			};
			buildConfigurationList = 60B0D0DA17380C14000DA458 /* Build configuration list for PBXProject "GamesScreensaver" */;
			compatibilityVersion = "Xcode 3.2";
			developmentRegion = English;
			hasScannedForEncodings = 0;
			knownRegions = (
				en,
			);
			mainGroup = 60B0D0D617380C14000DA458;
			productRefGroup = 60B0D0E217380C14000DA458 /* Products */;
			projectDirPath = "";
			projectRoot = "";
			targets = (
				60B0D0E017380C14000DA458 /* GamesScreensaver */,
				60E26D7B173E2F7900DF7CED /* ScreensaverBootstrap */,
			);
		};
/* End PBXProject section */

/* Begin PBXResourcesBuildPhase section */
		60B0D0DE17380C14000DA458 /* Resources */ = {
			isa = PBXResourcesBuildPhase;
			buildActionMask = 2147483647;
			files = (
				60B0D0F117380C14000DA458 /* InfoPlist.strings in Resources */,
				60E26D98173E415700DF7CED /* metadata.json in Resources */,
				60E26DE6173EFAEC00DF7CED /* Settings.xib in Resources */,
			);
			runOnlyForDeploymentPostprocessing = 0;
		};
		60E26D7A173E2F7900DF7CED /* Resources */ = {
			isa = PBXResourcesBuildPhase;
			buildActionMask = 2147483647;
			files = (
				60E26D83173E2F7900DF7CED /* InfoPlist.strings in Resources */,
				60E26D89173E2F7900DF7CED /* Credits.rtf in Resources */,
				60E26D8F173E2F7900DF7CED /* MainMenu.xib in Resources */,
				60E26D99173E415700DF7CED /* metadata.json in Resources */,
				60E26DE7173EFAEC00DF7CED /* Settings.xib in Resources */,
			);
			runOnlyForDeploymentPostprocessing = 0;
		};
/* End PBXResourcesBuildPhase section */

/* Begin PBXRezBuildPhase section */
		60B0D0DF17380C14000DA458 /* Rez */ = {
			isa = PBXRezBuildPhase;
			buildActionMask = 2147483647;
			files = (
			);
			runOnlyForDeploymentPostprocessing = 0;
		};
/* End PBXRezBuildPhase section */

/* Begin PBXSourcesBuildPhase section */
		60B0D0DB17380C14000DA458 /* Sources */ = {
			isa = PBXSourcesBuildPhase;
			buildActionMask = 2147483647;
			files = (
				60B0D0F517380C14000DA458 /* GamesScreensaverView.m in Sources */,
				60B0D0FE17380CE1000DA458 /* HCYoutubeParser.m in Sources */,
				60E26DA3173E5A7800DF7CED /* NSFileManager+DirectoryLocations.m in Sources */,
				60E26DB8173E5BF900DF7CED /* AFHTTPClient.m in Sources */,
				60E26DBB173E5BF900DF7CED /* AFHTTPRequestOperation.m in Sources */,
				60E26DBE173E5BF900DF7CED /* AFImageRequestOperation.m in Sources */,
				60E26DC1173E5BF900DF7CED /* AFJSONRequestOperation.m in Sources */,
				60E26DC4173E5BF900DF7CED /* AFNetworkActivityIndicatorManager.m in Sources */,
				60E26DC8173E5BF900DF7CED /* AFPropertyListRequestOperation.m in Sources */,
				60E26DCB173E5BF900DF7CED /* AFURLConnectionOperation.m in Sources */,
				60E26DCE173E5BF900DF7CED /* AFXMLRequestOperation.m in Sources */,
				60E26DD3173E5C1A00DF7CED /* AFDownloadRequestOperation.m in Sources */,
				60E26DD8173E5EE000DF7CED /* AppKitCompatibility.m in Sources */,
				60E26DDD173E5F0300DF7CED /* DDProgressView.m in Sources */,
				60E26DE2173E953B00DF7CED /* NSString+MD5.m in Sources */,
				60E26DEB173EFB2A00DF7CED /* ScreenSaverConfig.m in Sources */,
				60756728173F8C3500E0732D /* NSUserDefaults+ScreenSaverDefaults.m in Sources */,
			);
			runOnlyForDeploymentPostprocessing = 0;
		};
		60E26D78173E2F7900DF7CED /* Sources */ = {
			isa = PBXSourcesBuildPhase;
			buildActionMask = 2147483647;
			files = (
				60E26D85173E2F7900DF7CED /* main.m in Sources */,
				60E26D8C173E2F7900DF7CED /* AppDelegate.m in Sources */,
				60E26D93173E318C00DF7CED /* GamesScreensaverView.m in Sources */,
				60E26D94173E318F00DF7CED /* HCYoutubeParser.m in Sources */,
				60E26DA4173E5A7800DF7CED /* NSFileManager+DirectoryLocations.m in Sources */,
				60E26DB9173E5BF900DF7CED /* AFHTTPClient.m in Sources */,
				60E26DBC173E5BF900DF7CED /* AFHTTPRequestOperation.m in Sources */,
				60E26DBF173E5BF900DF7CED /* AFImageRequestOperation.m in Sources */,
				60E26DC2173E5BF900DF7CED /* AFJSONRequestOperation.m in Sources */,
				60E26DC5173E5BF900DF7CED /* AFNetworkActivityIndicatorManager.m in Sources */,
				60E26DC9173E5BF900DF7CED /* AFPropertyListRequestOperation.m in Sources */,
				60E26DCC173E5BF900DF7CED /* AFURLConnectionOperation.m in Sources */,
				60E26DCF173E5BF900DF7CED /* AFXMLRequestOperation.m in Sources */,
				60E26DD4173E5C1A00DF7CED /* AFDownloadRequestOperation.m in Sources */,
				60E26DD9173E5EE000DF7CED /* AppKitCompatibility.m in Sources */,
				60E26DDE173E5F0300DF7CED /* DDProgressView.m in Sources */,
				60E26DE3173E953B00DF7CED /* NSString+MD5.m in Sources */,
				60E26DEC173EFB2A00DF7CED /* ScreenSaverConfig.m in Sources */,
				60756729173F8C3500E0732D /* NSUserDefaults+ScreenSaverDefaults.m in Sources */,
			);
			runOnlyForDeploymentPostprocessing = 0;
		};
/* End PBXSourcesBuildPhase section */

/* Begin PBXVariantGroup section */
		60B0D0EF17380C14000DA458 /* InfoPlist.strings */ = {
			isa = PBXVariantGroup;
			children = (
				60B0D0F017380C14000DA458 /* en */,
			);
			name = InfoPlist.strings;
			sourceTree = "<group>";
		};
		60E26D81173E2F7900DF7CED /* InfoPlist.strings */ = {
			isa = PBXVariantGroup;
			children = (
				60E26D82173E2F7900DF7CED /* en */,
			);
			name = InfoPlist.strings;
			sourceTree = "<group>";
		};
		60E26D87173E2F7900DF7CED /* Credits.rtf */ = {
			isa = PBXVariantGroup;
			children = (
				60E26D88173E2F7900DF7CED /* en */,
			);
			name = Credits.rtf;
			sourceTree = "<group>";
		};
		60E26D8D173E2F7900DF7CED /* MainMenu.xib */ = {
			isa = PBXVariantGroup;
			children = (
				60E26D8E173E2F7900DF7CED /* en */,
			);
			name = MainMenu.xib;
			sourceTree = "<group>";
		};
/* End PBXVariantGroup section */

/* Begin XCBuildConfiguration section */
		60B0D0F617380C14000DA458 /* Debug */ = {
			isa = XCBuildConfiguration;
			buildSettings = {
				ALWAYS_SEARCH_USER_PATHS = NO;
				ARCHS = "$(ARCHS_STANDARD_64_BIT)";
				CLANG_CXX_LANGUAGE_STANDARD = "gnu++0x";
				CLANG_CXX_LIBRARY = "libc++";
				CLANG_WARN_CONSTANT_CONVERSION = YES;
				CLANG_WARN_EMPTY_BODY = YES;
				CLANG_WARN_ENUM_CONVERSION = YES;
				CLANG_WARN_INT_CONVERSION = YES;
				CLANG_WARN__DUPLICATE_METHOD_MATCH = YES;
				COPY_PHASE_STRIP = NO;
				GCC_C_LANGUAGE_STANDARD = gnu99;
				GCC_DYNAMIC_NO_PIC = NO;
				GCC_ENABLE_OBJC_EXCEPTIONS = YES;
				GCC_ENABLE_OBJC_GC = supported;
				GCC_OPTIMIZATION_LEVEL = 0;
				GCC_PREPROCESSOR_DEFINITIONS = (
					"DEBUG=1",
					"$(inherited)",
				);
				GCC_SYMBOLS_PRIVATE_EXTERN = NO;
				GCC_WARN_64_TO_32_BIT_CONVERSION = YES;
				GCC_WARN_ABOUT_RETURN_TYPE = YES;
				GCC_WARN_UNINITIALIZED_AUTOS = YES;
				GCC_WARN_UNUSED_VARIABLE = YES;
				MACOSX_DEPLOYMENT_TARGET = 10.8;
				ONLY_ACTIVE_ARCH = YES;
				SDKROOT = macosx;
			};
			name = Debug;
		};
		60B0D0F717380C14000DA458 /* Release */ = {
			isa = XCBuildConfiguration;
			buildSettings = {
				ALWAYS_SEARCH_USER_PATHS = NO;
				ARCHS = "$(ARCHS_STANDARD_64_BIT)";
				CLANG_CXX_LANGUAGE_STANDARD = "gnu++0x";
				CLANG_CXX_LIBRARY = "libc++";
				CLANG_WARN_CONSTANT_CONVERSION = YES;
				CLANG_WARN_EMPTY_BODY = YES;
				CLANG_WARN_ENUM_CONVERSION = YES;
				CLANG_WARN_INT_CONVERSION = YES;
				CLANG_WARN__DUPLICATE_METHOD_MATCH = YES;
				COPY_PHASE_STRIP = YES;
				DEBUG_INFORMATION_FORMAT = "dwarf-with-dsym";
				GCC_C_LANGUAGE_STANDARD = gnu99;
				GCC_ENABLE_OBJC_EXCEPTIONS = YES;
				GCC_ENABLE_OBJC_GC = supported;
				GCC_WARN_64_TO_32_BIT_CONVERSION = YES;
				GCC_WARN_ABOUT_RETURN_TYPE = YES;
				GCC_WARN_UNINITIALIZED_AUTOS = YES;
				GCC_WARN_UNUSED_VARIABLE = YES;
				MACOSX_DEPLOYMENT_TARGET = 10.8;
				SDKROOT = macosx;
			};
			name = Release;
		};
		60B0D0F917380C14000DA458 /* Debug */ = {
			isa = XCBuildConfiguration;
			buildSettings = {
				CLANG_ENABLE_OBJC_ARC = YES;
				COMBINE_HIDPI_IMAGES = YES;
				GCC_ENABLE_OBJC_GC = "";
				GCC_PRECOMPILE_PREFIX_HEADER = YES;
				GCC_PREFIX_HEADER = "GamesScreensaver/GamesScreensaver-Prefix.pch";
				INFOPLIST_FILE = "GamesScreensaver/GamesScreensaver-Info.plist";
				INSTALL_PATH = "$(HOME)/Library/Screen Savers";
				PRODUCT_NAME = "$(TARGET_NAME)";
				WRAPPER_EXTENSION = saver;
			};
			name = Debug;
		};
		60B0D0FA17380C14000DA458 /* Release */ = {
			isa = XCBuildConfiguration;
			buildSettings = {
				CLANG_ENABLE_OBJC_ARC = YES;
				COMBINE_HIDPI_IMAGES = YES;
				GCC_ENABLE_OBJC_GC = "";
				GCC_PRECOMPILE_PREFIX_HEADER = YES;
				GCC_PREFIX_HEADER = "GamesScreensaver/GamesScreensaver-Prefix.pch";
				INFOPLIST_FILE = "GamesScreensaver/GamesScreensaver-Info.plist";
				INSTALL_PATH = "$(HOME)/Library/Screen Savers";
				PRODUCT_NAME = "$(TARGET_NAME)";
				WRAPPER_EXTENSION = saver;
			};
			name = Release;
		};
		60E26D90173E2F7900DF7CED /* Debug */ = {
			isa = XCBuildConfiguration;
			buildSettings = {
				CLANG_ENABLE_OBJC_ARC = YES;
				COMBINE_HIDPI_IMAGES = YES;
				GCC_ENABLE_OBJC_GC = "";
				GCC_PRECOMPILE_PREFIX_HEADER = YES;
				GCC_PREFIX_HEADER = "ScreensaverBootstrap/ScreensaverBootstrap-Prefix.pch";
				INFOPLIST_FILE = "ScreensaverBootstrap/ScreensaverBootstrap-Info.plist";
				PRODUCT_NAME = "$(TARGET_NAME)";
				WRAPPER_EXTENSION = app;
			};
			name = Debug;
		};
		60E26D91173E2F7900DF7CED /* Release */ = {
			isa = XCBuildConfiguration;
			buildSettings = {
				CLANG_ENABLE_OBJC_ARC = YES;
				COMBINE_HIDPI_IMAGES = YES;
				GCC_ENABLE_OBJC_GC = "";
				GCC_PRECOMPILE_PREFIX_HEADER = YES;
				GCC_PREFIX_HEADER = "ScreensaverBootstrap/ScreensaverBootstrap-Prefix.pch";
				INFOPLIST_FILE = "ScreensaverBootstrap/ScreensaverBootstrap-Info.plist";
				PRODUCT_NAME = "$(TARGET_NAME)";
				WRAPPER_EXTENSION = app;
			};
			name = Release;
		};
/* End XCBuildConfiguration section */

/* Begin XCConfigurationList section */
		60B0D0DA17380C14000DA458 /* Build configuration list for PBXProject "GamesScreensaver" */ = {
			isa = XCConfigurationList;
			buildConfigurations = (
				60B0D0F617380C14000DA458 /* Debug */,
				60B0D0F717380C14000DA458 /* Release */,
			);
			defaultConfigurationIsVisible = 0;
			defaultConfigurationName = Release;
		};
		60B0D0F817380C14000DA458 /* Build configuration list for PBXNativeTarget "GamesScreensaver" */ = {
			isa = XCConfigurationList;
			buildConfigurations = (
				60B0D0F917380C14000DA458 /* Debug */,
				60B0D0FA17380C14000DA458 /* Release */,
			);
			defaultConfigurationIsVisible = 0;
			defaultConfigurationName = Release;
		};
		60E26D92173E2F7900DF7CED /* Build configuration list for PBXNativeTarget "ScreensaverBootstrap" */ = {
			isa = XCConfigurationList;
			buildConfigurations = (
				60E26D90173E2F7900DF7CED /* Debug */,
				60E26D91173E2F7900DF7CED /* Release */,
			);
			defaultConfigurationIsVisible = 0;
			defaultConfigurationName = Release;
		};
/* End XCConfigurationList section */
	};
	rootObject = 60B0D0D717380C14000DA458 /* Project object */;
}
